// !$*UTF8*$!
{
	archiveVersion = 1;
	classes = {
	};
	objectVersion = 46;
	objects = {

/* Begin PBXAggregateTarget section */
		"coppapai::CoppaPaiPackageTests::ProductTarget" /* CoppaPaiPackageTests */ = {
			isa = PBXAggregateTarget;
			buildConfigurationList = OBJ_33 /* Build configuration list for PBXAggregateTarget "CoppaPaiPackageTests" */;
			buildPhases = (
			);
			dependencies = (
				OBJ_36 /* PBXTargetDependency */,
			);
			name = CoppaPaiPackageTests;
			productName = CoppaPaiPackageTests;
		};
/* End PBXAggregateTarget section */

/* Begin PBXBuildFile section */
		AD22C8D02B0154F900DA3632 /* MenuViewStyle.swift in Sources */ = {isa = PBXBuildFile; fileRef = AD22C8CF2B0154F900DA3632 /* MenuViewStyle.swift */; };
		AD3ED2182AE9CF8A00997035 /* LapalaGameModel.swift in Sources */ = {isa = PBXBuildFile; fileRef = AD3ED2172AE9CF8A00997035 /* LapalaGameModel.swift */; };
		AD3ED2202AE9D8EC00997035 /* LapalaEndView.swift in Sources */ = {isa = PBXBuildFile; fileRef = AD3ED21F2AE9D8EC00997035 /* LapalaEndView.swift */; };
		AD3ED2222AE9D90000997035 /* LapalaTitleView.swift in Sources */ = {isa = PBXBuildFile; fileRef = AD3ED2212AE9D90000997035 /* LapalaTitleView.swift */; };
		AD485DE22B14223A0047CAE8 /* GameStatus.swift in Sources */ = {isa = PBXBuildFile; fileRef = AD485DE12B14223A0047CAE8 /* GameStatus.swift */; };
		AD485DEA2B1462D60047CAE8 /* DeviceDetection.swift in Sources */ = {isa = PBXBuildFile; fileRef = AD485DE92B1462D60047CAE8 /* DeviceDetection.swift */; };
		AD4E110F2B3D91EB00CA1004 /* Confetti.swift in Sources */ = {isa = PBXBuildFile; fileRef = AD4E110E2B3D91EB00CA1004 /* Confetti.swift */; };
		AD4E11142B3D99A000CA1004 /* HelpView.swift in Sources */ = {isa = PBXBuildFile; fileRef = AD4E11132B3D99A000CA1004 /* HelpView.swift */; };
		AD4E11162B3D9A4000CA1004 /* AskForReview.swift in Sources */ = {isa = PBXBuildFile; fileRef = AD4E11152B3D9A4000CA1004 /* AskForReview.swift */; };
		AD934D8C2B2A8B730080A354 /* Haptic.swift in Sources */ = {isa = PBXBuildFile; fileRef = AD934D8B2B2A8B730080A354 /* Haptic.swift */; };
		AD94663F2AD4CDFB00B98FD9 /* StoreReview.swift in Sources */ = {isa = PBXBuildFile; fileRef = AD94663E2AD4CDFB00B98FD9 /* StoreReview.swift */; };
		ADB2235D2AE86B0A00FA3681 /* Line.swift in Sources */ = {isa = PBXBuildFile; fileRef = ADB2235C2AE86B0A00FA3681 /* Line.swift */; };
		ADB2235F2AE86B0E00FA3681 /* Styles.swift in Sources */ = {isa = PBXBuildFile; fileRef = ADB2235E2AE86B0E00FA3681 /* Styles.swift */; };
		ADB223612AE86B1100FA3681 /* Spring.swift in Sources */ = {isa = PBXBuildFile; fileRef = ADB223602AE86B1100FA3681 /* Spring.swift */; };
		ADB223632AE86B1500FA3681 /* Shake.swift in Sources */ = {isa = PBXBuildFile; fileRef = ADB223622AE86B1500FA3681 /* Shake.swift */; };
		ADB223652AE86B1A00FA3681 /* Shine.swift in Sources */ = {isa = PBXBuildFile; fileRef = ADB223642AE86B1A00FA3681 /* Shine.swift */; };
		ADB223672AE86B1E00FA3681 /* AnimatingLine.swift in Sources */ = {isa = PBXBuildFile; fileRef = ADB223662AE86B1E00FA3681 /* AnimatingLine.swift */; };
		ADB223692AE86B2300FA3681 /* Extension+String.swift in Sources */ = {isa = PBXBuildFile; fileRef = ADB223682AE86B2300FA3681 /* Extension+String.swift */; };
		ADB2236B2AE86B2900FA3681 /* Extension+Color.swift in Sources */ = {isa = PBXBuildFile; fileRef = ADB2236A2AE86B2900FA3681 /* Extension+Color.swift */; };
		ADB2236F2AE86CBE00FA3681 /* LapalaDefinitions.swift in Sources */ = {isa = PBXBuildFile; fileRef = ADB2236E2AE86CBE00FA3681 /* LapalaDefinitions.swift */; };
		ADB223722AE8715E00FA3681 /* LapalaGameView.swift in Sources */ = {isa = PBXBuildFile; fileRef = ADB223712AE8715E00FA3681 /* LapalaGameView.swift */; };
		ADF6B72C2C17BC2700D5D4FB /* LapalaGameModelHelper.swift in Sources */ = {isa = PBXBuildFile; fileRef = ADF6B72B2C17BC2700D5D4FB /* LapalaGameModelHelper.swift */; };
		ADFE435B2AD4DF9A00D55638 /* Definitions.swift in Sources */ = {isa = PBXBuildFile; fileRef = ADFE435A2AD4DF9A00D55638 /* Definitions.swift */; };
		ADFE435D2AD4DFF100D55638 /* UserData.swift in Sources */ = {isa = PBXBuildFile; fileRef = ADFE435C2AD4DFF100D55638 /* UserData.swift */; };
		OBJ_24 /* CoppaPai.swift in Sources */ = {isa = PBXBuildFile; fileRef = OBJ_9 /* CoppaPai.swift */; };
		OBJ_31 /* Package.swift in Sources */ = {isa = PBXBuildFile; fileRef = OBJ_6 /* Package.swift */; };
/* End PBXBuildFile section */

/* Begin PBXContainerItemProxy section */
		AD6649C72AC271D00090E120 /* PBXContainerItemProxy */ = {
			isa = PBXContainerItemProxy;
			containerPortal = OBJ_1 /* Project object */;
			proxyType = 1;
			remoteGlobalIDString = "coppapai::CoppaPai";
			remoteInfo = CoppaPai;
		};
		AD6649C82AC271D00090E120 /* PBXContainerItemProxy */ = {
			isa = PBXContainerItemProxy;
			containerPortal = OBJ_1 /* Project object */;
			proxyType = 1;
			remoteGlobalIDString = "coppapai::CoppaPaiTests";
			remoteInfo = CoppaPaiTests;
		};
/* End PBXContainerItemProxy section */

/* Begin PBXFileReference section */
		AD22C8CF2B0154F900DA3632 /* MenuViewStyle.swift */ = {isa = PBXFileReference; lastKnownFileType = sourcecode.swift; path = MenuViewStyle.swift; sourceTree = "<group>"; };
		AD3ED2172AE9CF8A00997035 /* LapalaGameModel.swift */ = {isa = PBXFileReference; lastKnownFileType = sourcecode.swift; path = LapalaGameModel.swift; sourceTree = "<group>"; };
		AD3ED21F2AE9D8EC00997035 /* LapalaEndView.swift */ = {isa = PBXFileReference; lastKnownFileType = sourcecode.swift; path = LapalaEndView.swift; sourceTree = "<group>"; };
		AD3ED2212AE9D90000997035 /* LapalaTitleView.swift */ = {isa = PBXFileReference; lastKnownFileType = sourcecode.swift; path = LapalaTitleView.swift; sourceTree = "<group>"; };
		AD485DE12B14223A0047CAE8 /* GameStatus.swift */ = {isa = PBXFileReference; lastKnownFileType = sourcecode.swift; path = GameStatus.swift; sourceTree = "<group>"; };
		AD485DE92B1462D60047CAE8 /* DeviceDetection.swift */ = {isa = PBXFileReference; lastKnownFileType = sourcecode.swift; path = DeviceDetection.swift; sourceTree = "<group>"; };
		AD4E110E2B3D91EB00CA1004 /* Confetti.swift */ = {isa = PBXFileReference; lastKnownFileType = sourcecode.swift; path = Confetti.swift; sourceTree = "<group>"; };
		AD4E11132B3D99A000CA1004 /* HelpView.swift */ = {isa = PBXFileReference; lastKnownFileType = sourcecode.swift; path = HelpView.swift; sourceTree = "<group>"; };
		AD4E11152B3D9A4000CA1004 /* AskForReview.swift */ = {isa = PBXFileReference; lastKnownFileType = sourcecode.swift; path = AskForReview.swift; sourceTree = "<group>"; };
		AD934D8B2B2A8B730080A354 /* Haptic.swift */ = {isa = PBXFileReference; lastKnownFileType = sourcecode.swift; path = Haptic.swift; sourceTree = "<group>"; };
		AD94663C2AD4A48900B98FD9 /* CoppaPai.framework */ = {isa = PBXFileReference; explicitFileType = wrapper.framework; includeInIndex = 0; path = CoppaPai.framework; sourceTree = BUILT_PRODUCTS_DIR; };
		AD94663D2AD4A48900B98FD9 /* CoppaPaiTests.xctest */ = {isa = PBXFileReference; explicitFileType = wrapper.cfbundle; includeInIndex = 0; path = CoppaPaiTests.xctest; sourceTree = BUILT_PRODUCTS_DIR; };
		AD94663E2AD4CDFB00B98FD9 /* StoreReview.swift */ = {isa = PBXFileReference; lastKnownFileType = sourcecode.swift; path = StoreReview.swift; sourceTree = "<group>"; };
		ADB2235C2AE86B0A00FA3681 /* Line.swift */ = {isa = PBXFileReference; fileEncoding = 4; lastKnownFileType = sourcecode.swift; path = Line.swift; sourceTree = "<group>"; };
		ADB2235E2AE86B0E00FA3681 /* Styles.swift */ = {isa = PBXFileReference; fileEncoding = 4; lastKnownFileType = sourcecode.swift; path = Styles.swift; sourceTree = "<group>"; };
		ADB223602AE86B1100FA3681 /* Spring.swift */ = {isa = PBXFileReference; fileEncoding = 4; lastKnownFileType = sourcecode.swift; path = Spring.swift; sourceTree = "<group>"; };
		ADB223622AE86B1500FA3681 /* Shake.swift */ = {isa = PBXFileReference; fileEncoding = 4; lastKnownFileType = sourcecode.swift; path = Shake.swift; sourceTree = "<group>"; };
		ADB223642AE86B1A00FA3681 /* Shine.swift */ = {isa = PBXFileReference; fileEncoding = 4; lastKnownFileType = sourcecode.swift; path = Shine.swift; sourceTree = "<group>"; };
		ADB223662AE86B1E00FA3681 /* AnimatingLine.swift */ = {isa = PBXFileReference; fileEncoding = 4; lastKnownFileType = sourcecode.swift; path = AnimatingLine.swift; sourceTree = "<group>"; };
		ADB223682AE86B2300FA3681 /* Extension+String.swift */ = {isa = PBXFileReference; fileEncoding = 4; lastKnownFileType = sourcecode.swift; path = "Extension+String.swift"; sourceTree = "<group>"; };
		ADB2236A2AE86B2900FA3681 /* Extension+Color.swift */ = {isa = PBXFileReference; fileEncoding = 4; lastKnownFileType = sourcecode.swift; path = "Extension+Color.swift"; sourceTree = "<group>"; };
		ADB2236E2AE86CBE00FA3681 /* LapalaDefinitions.swift */ = {isa = PBXFileReference; lastKnownFileType = sourcecode.swift; path = LapalaDefinitions.swift; sourceTree = "<group>"; };
		ADB223702AE8714900FA3681 /* words_all.txt */ = {isa = PBXFileReference; fileEncoding = 4; lastKnownFileType = text; path = words_all.txt; sourceTree = "<group>"; };
		ADB223712AE8715E00FA3681 /* LapalaGameView.swift */ = {isa = PBXFileReference; lastKnownFileType = sourcecode.swift; path = LapalaGameView.swift; sourceTree = "<group>"; };
		ADF6B72B2C17BC2700D5D4FB /* LapalaGameModelHelper.swift */ = {isa = PBXFileReference; lastKnownFileType = sourcecode.swift; path = LapalaGameModelHelper.swift; sourceTree = "<group>"; };
		ADFE435A2AD4DF9A00D55638 /* Definitions.swift */ = {isa = PBXFileReference; lastKnownFileType = sourcecode.swift; path = Definitions.swift; sourceTree = "<group>"; };
		ADFE435C2AD4DFF100D55638 /* UserData.swift */ = {isa = PBXFileReference; lastKnownFileType = sourcecode.swift; path = UserData.swift; sourceTree = "<group>"; };
		OBJ_17 /* README.md */ = {isa = PBXFileReference; lastKnownFileType = net.daringfireball.markdown; path = README.md; sourceTree = "<group>"; };
		OBJ_18 /* CoppaPai.h */ = {isa = PBXFileReference; lastKnownFileType = sourcecode.c.h; path = CoppaPai.h; sourceTree = "<group>"; };
		OBJ_6 /* Package.swift */ = {isa = PBXFileReference; explicitFileType = sourcecode.swift; path = Package.swift; sourceTree = "<group>"; };
		OBJ_9 /* CoppaPai.swift */ = {isa = PBXFileReference; lastKnownFileType = sourcecode.swift; path = CoppaPai.swift; sourceTree = "<group>"; };
/* End PBXFileReference section */

/* Begin PBXFrameworksBuildPhase section */
		OBJ_25 /* Frameworks */ = {
			isa = PBXFrameworksBuildPhase;
			buildActionMask = 0;
			files = (
			);
			runOnlyForDeploymentPostprocessing = 0;
		};
		OBJ_43 /* Frameworks */ = {
			isa = PBXFrameworksBuildPhase;
			buildActionMask = 0;
			files = (
			);
			runOnlyForDeploymentPostprocessing = 0;
		};
/* End PBXFrameworksBuildPhase section */

/* Begin PBXGroup section */
		AD4E11122B3D999800CA1004 /* Views */ = {
			isa = PBXGroup;
			children = (
				AD4E11132B3D99A000CA1004 /* HelpView.swift */,
				AD4E11152B3D9A4000CA1004 /* AskForReview.swift */,
			);
			path = Views;
			sourceTree = "<group>";
		};
		ADB2235B2AE86B0100FA3681 /* Styles */ = {
			isa = PBXGroup;
			children = (
				ADB2235E2AE86B0E00FA3681 /* Styles.swift */,
				AD22C8CF2B0154F900DA3632 /* MenuViewStyle.swift */,
				ADB2235C2AE86B0A00FA3681 /* Line.swift */,
				AD4E110E2B3D91EB00CA1004 /* Confetti.swift */,
				ADB223602AE86B1100FA3681 /* Spring.swift */,
				ADB223622AE86B1500FA3681 /* Shake.swift */,
				ADB223642AE86B1A00FA3681 /* Shine.swift */,
				ADB223662AE86B1E00FA3681 /* AnimatingLine.swift */,
				ADB223682AE86B2300FA3681 /* Extension+String.swift */,
				ADB2236A2AE86B2900FA3681 /* Extension+Color.swift */,
			);
			path = Styles;
			sourceTree = "<group>";
		};
		ADB2236C2AE86CA400FA3681 /* Games */ = {
			isa = PBXGroup;
			children = (
				ADB2236D2AE86CA800FA3681 /* Lapala */,
			);
			path = Games;
			sourceTree = "<group>";
		};
		ADB2236D2AE86CA800FA3681 /* Lapala */ = {
			isa = PBXGroup;
			children = (
				ADB2236E2AE86CBE00FA3681 /* LapalaDefinitions.swift */,
				AD3ED2172AE9CF8A00997035 /* LapalaGameModel.swift */,
				ADF6B72B2C17BC2700D5D4FB /* LapalaGameModelHelper.swift */,
				ADB223712AE8715E00FA3681 /* LapalaGameView.swift */,
				AD3ED21F2AE9D8EC00997035 /* LapalaEndView.swift */,
				AD3ED2212AE9D90000997035 /* LapalaTitleView.swift */,
				AD485DE12B14223A0047CAE8 /* GameStatus.swift */,
			);
			path = Lapala;
			sourceTree = "<group>";
		};
		OBJ_5 = {
			isa = PBXGroup;
			children = (
				OBJ_7 /* Sources */,
				OBJ_17 /* README.md */,
				OBJ_6 /* Package.swift */,
				OBJ_18 /* CoppaPai.h */,
				AD94663C2AD4A48900B98FD9 /* CoppaPai.framework */,
				AD94663D2AD4A48900B98FD9 /* CoppaPaiTests.xctest */,
			);
			sourceTree = "<group>";
		};
		OBJ_7 /* Sources */ = {
			isa = PBXGroup;
			children = (
				OBJ_8 /* CoppaPai */,
				ADB223702AE8714900FA3681 /* words_all.txt */,
			);
			name = Sources;
			sourceTree = SOURCE_ROOT;
		};
		OBJ_8 /* CoppaPai */ = {
			isa = PBXGroup;
			children = (
				OBJ_9 /* CoppaPai.swift */,
				AD94663E2AD4CDFB00B98FD9 /* StoreReview.swift */,
				AD485DE92B1462D60047CAE8 /* DeviceDetection.swift */,
				AD934D8B2B2A8B730080A354 /* Haptic.swift */,
				ADFE435A2AD4DF9A00D55638 /* Definitions.swift */,
				ADFE435C2AD4DFF100D55638 /* UserData.swift */,
				AD4E11122B3D999800CA1004 /* Views */,
				ADB2236C2AE86CA400FA3681 /* Games */,
				ADB2235B2AE86B0100FA3681 /* Styles */,
			);
			name = CoppaPai;
			path = Sources/CoppaPai;
			sourceTree = SOURCE_ROOT;
		};
/* End PBXGroup section */

/* Begin PBXNativeTarget section */
		"coppapai::CoppaPai" /* CoppaPai */ = {
			isa = PBXNativeTarget;
			buildConfigurationList = OBJ_20 /* Build configuration list for PBXNativeTarget "CoppaPai" */;
			buildPhases = (
				OBJ_23 /* Sources */,
				OBJ_25 /* Frameworks */,
			);
			buildRules = (
			);
			dependencies = (
			);
			name = CoppaPai;
			productName = CoppaPai;
			productReference = AD94663C2AD4A48900B98FD9 /* CoppaPai.framework */;
			productType = "com.apple.product-type.framework";
		};
		"coppapai::CoppaPaiTests" /* CoppaPaiTests */ = {
			isa = PBXNativeTarget;
			buildConfigurationList = OBJ_38 /* Build configuration list for PBXNativeTarget "CoppaPaiTests" */;
			buildPhases = (
				OBJ_41 /* Sources */,
				OBJ_43 /* Frameworks */,
			);
			buildRules = (
			);
			dependencies = (
				OBJ_45 /* PBXTargetDependency */,
			);
			name = CoppaPaiTests;
			productName = CoppaPaiTests;
			productReference = AD94663D2AD4A48900B98FD9 /* CoppaPaiTests.xctest */;
			productType = "com.apple.product-type.bundle.unit-test";
		};
		"coppapai::SwiftPMPackageDescription" /* CoppaPaiPackageDescription */ = {
			isa = PBXNativeTarget;
			buildConfigurationList = OBJ_27 /* Build configuration list for PBXNativeTarget "CoppaPaiPackageDescription" */;
			buildPhases = (
				OBJ_30 /* Sources */,
			);
			buildRules = (
			);
			dependencies = (
			);
			name = CoppaPaiPackageDescription;
			productName = CoppaPaiPackageDescription;
			productType = "com.apple.product-type.framework";
		};
/* End PBXNativeTarget section */

/* Begin PBXProject section */
		OBJ_1 /* Project object */ = {
			isa = PBXProject;
			attributes = {
				LastSwiftMigration = 9999;
				LastUpgradeCheck = 9999;
			};
			buildConfigurationList = OBJ_2 /* Build configuration list for PBXProject "CoppaPai" */;
			compatibilityVersion = "Xcode 3.2";
			developmentRegion = en;
			hasScannedForEncodings = 0;
			knownRegions = (
				en,
			);
			mainGroup = OBJ_5;
			packageReferences = (
			);
			productRefGroup = OBJ_5;
			projectDirPath = "";
			projectRoot = "";
			targets = (
				"coppapai::CoppaPai" /* CoppaPai */,
				"coppapai::SwiftPMPackageDescription" /* CoppaPaiPackageDescription */,
				"coppapai::CoppaPaiPackageTests::ProductTarget" /* CoppaPaiPackageTests */,
				"coppapai::CoppaPaiTests" /* CoppaPaiTests */,
			);
		};
/* End PBXProject section */

/* Begin PBXSourcesBuildPhase section */
		OBJ_23 /* Sources */ = {
			isa = PBXSourcesBuildPhase;
			buildActionMask = 0;
			files = (
				AD485DE22B14223A0047CAE8 /* GameStatus.swift in Sources */,
				ADB223692AE86B2300FA3681 /* Extension+String.swift in Sources */,
				ADFE435D2AD4DFF100D55638 /* UserData.swift in Sources */,
				ADB223652AE86B1A00FA3681 /* Shine.swift in Sources */,
				ADB2235F2AE86B0E00FA3681 /* Styles.swift in Sources */,
				OBJ_24 /* CoppaPai.swift in Sources */,
				AD934D8C2B2A8B730080A354 /* Haptic.swift in Sources */,
				AD3ED2202AE9D8EC00997035 /* LapalaEndView.swift in Sources */,
				AD3ED2182AE9CF8A00997035 /* LapalaGameModel.swift in Sources */,
				ADF6B72C2C17BC2700D5D4FB /* LapalaGameModelHelper.swift in Sources */,
				AD4E110F2B3D91EB00CA1004 /* Confetti.swift in Sources */,
				ADB223672AE86B1E00FA3681 /* AnimatingLine.swift in Sources */,
				ADFE435B2AD4DF9A00D55638 /* Definitions.swift in Sources */,
				AD3ED2222AE9D90000997035 /* LapalaTitleView.swift in Sources */,
				AD4E11162B3D9A4000CA1004 /* AskForReview.swift in Sources */,
				AD485DEA2B1462D60047CAE8 /* DeviceDetection.swift in Sources */,
				ADB2236B2AE86B2900FA3681 /* Extension+Color.swift in Sources */,
				ADB223632AE86B1500FA3681 /* Shake.swift in Sources */,
				AD22C8D02B0154F900DA3632 /* MenuViewStyle.swift in Sources */,
				ADB2235D2AE86B0A00FA3681 /* Line.swift in Sources */,
				ADB2236F2AE86CBE00FA3681 /* LapalaDefinitions.swift in Sources */,
				AD94663F2AD4CDFB00B98FD9 /* StoreReview.swift in Sources */,
				ADB223612AE86B1100FA3681 /* Spring.swift in Sources */,
				ADB223722AE8715E00FA3681 /* LapalaGameView.swift in Sources */,
				AD4E11142B3D99A000CA1004 /* HelpView.swift in Sources */,
			);
			runOnlyForDeploymentPostprocessing = 0;
		};
		OBJ_30 /* Sources */ = {
			isa = PBXSourcesBuildPhase;
			buildActionMask = 0;
			files = (
				OBJ_31 /* Package.swift in Sources */,
			);
			runOnlyForDeploymentPostprocessing = 0;
		};
		OBJ_41 /* Sources */ = {
			isa = PBXSourcesBuildPhase;
			buildActionMask = 0;
			files = (
			);
			runOnlyForDeploymentPostprocessing = 0;
		};
/* End PBXSourcesBuildPhase section */

/* Begin PBXTargetDependency section */
		OBJ_36 /* PBXTargetDependency */ = {
			isa = PBXTargetDependency;
			target = "coppapai::CoppaPaiTests" /* CoppaPaiTests */;
			targetProxy = AD6649C82AC271D00090E120 /* PBXContainerItemProxy */;
		};
		OBJ_45 /* PBXTargetDependency */ = {
			isa = PBXTargetDependency;
			target = "coppapai::CoppaPai" /* CoppaPai */;
			targetProxy = AD6649C72AC271D00090E120 /* PBXContainerItemProxy */;
		};
/* End PBXTargetDependency section */

/* Begin XCBuildConfiguration section */
		OBJ_21 /* Debug */ = {
			isa = XCBuildConfiguration;
			buildSettings = {
				CURRENT_PROJECT_VERSION = 1;
				DRIVERKIT_DEPLOYMENT_TARGET = 19.0;
				ENABLE_TESTABILITY = YES;
				FRAMEWORK_SEARCH_PATHS = (
					"$(inherited)",
					"$(PLATFORM_DIR)/Developer/Library/Frameworks",
				);
				HEADER_SEARCH_PATHS = "$(inherited)";
				INFOPLIST_FILE = CoppaPai.xcodeproj/CoppaPai_Info.plist;
				IPHONEOS_DEPLOYMENT_TARGET = 11.0;
				LD_RUNPATH_SEARCH_PATHS = "$(inherited) $(TOOLCHAIN_DIR)/usr/lib/swift/macosx";
				MACOSX_DEPLOYMENT_TARGET = 10.13;
				OTHER_CFLAGS = "$(inherited)";
				OTHER_LDFLAGS = "$(inherited)";
				OTHER_SWIFT_FLAGS = "$(inherited)";
				PRODUCT_BUNDLE_IDENTIFIER = CoppaPai;
				PRODUCT_MODULE_NAME = "$(TARGET_NAME:c99extidentifier)";
				PRODUCT_NAME = "$(TARGET_NAME:c99extidentifier)";
				SKIP_INSTALL = YES;
				SUPPORTED_PLATFORMS = "iphoneos iphonesimulator";
				SUPPORTS_MACCATALYST = YES;
				SUPPORTS_MAC_DESIGNED_FOR_IPHONE_IPAD = NO;
				SWIFT_ACTIVE_COMPILATION_CONDITIONS = "$(inherited)";
				SWIFT_VERSION = 5.0;
				TARGETED_DEVICE_FAMILY = "1,2";
				TARGET_NAME = CoppaPai;
				TVOS_DEPLOYMENT_TARGET = 11.0;
				WATCHOS_DEPLOYMENT_TARGET = 4.0;
			};
			name = Debug;
		};
		OBJ_22 /* Release */ = {
			isa = XCBuildConfiguration;
			buildSettings = {
				CURRENT_PROJECT_VERSION = 1;
				DRIVERKIT_DEPLOYMENT_TARGET = 19.0;
				ENABLE_TESTABILITY = YES;
				FRAMEWORK_SEARCH_PATHS = (
					"$(inherited)",
					"$(PLATFORM_DIR)/Developer/Library/Frameworks",
				);
				HEADER_SEARCH_PATHS = "$(inherited)";
				INFOPLIST_FILE = CoppaPai.xcodeproj/CoppaPai_Info.plist;
				IPHONEOS_DEPLOYMENT_TARGET = 11.0;
				LD_RUNPATH_SEARCH_PATHS = "$(inherited) $(TOOLCHAIN_DIR)/usr/lib/swift/macosx";
				MACOSX_DEPLOYMENT_TARGET = 10.13;
				OTHER_CFLAGS = "$(inherited)";
				OTHER_LDFLAGS = "$(inherited)";
				OTHER_SWIFT_FLAGS = "$(inherited)";
				PRODUCT_BUNDLE_IDENTIFIER = CoppaPai;
				PRODUCT_MODULE_NAME = "$(TARGET_NAME:c99extidentifier)";
				PRODUCT_NAME = "$(TARGET_NAME:c99extidentifier)";
				SKIP_INSTALL = YES;
				SUPPORTED_PLATFORMS = "iphoneos iphonesimulator";
				SUPPORTS_MACCATALYST = YES;
				SUPPORTS_MAC_DESIGNED_FOR_IPHONE_IPAD = NO;
				SWIFT_ACTIVE_COMPILATION_CONDITIONS = "$(inherited)";
				SWIFT_VERSION = 5.0;
				TARGETED_DEVICE_FAMILY = "1,2";
				TARGET_NAME = CoppaPai;
				TVOS_DEPLOYMENT_TARGET = 11.0;
				WATCHOS_DEPLOYMENT_TARGET = 4.0;
			};
			name = Release;
		};
		OBJ_28 /* Debug */ = {
			isa = XCBuildConfiguration;
			buildSettings = {
				LD = /usr/bin/true;
				OTHER_SWIFT_FLAGS = "-swift-version 5 -I $(TOOLCHAIN_DIR)/usr/lib/swift/pm/ManifestAPI -sdk /Applications/Xcode.app/Contents/Developer/Platforms/MacOSX.platform/Developer/SDKs/MacOSX13.0.sdk -package-description-version 5.7.0";
				SWIFT_VERSION = 5.0;
			};
			name = Debug;
		};
		OBJ_29 /* Release */ = {
			isa = XCBuildConfiguration;
			buildSettings = {
				LD = /usr/bin/true;
				OTHER_SWIFT_FLAGS = "-swift-version 5 -I $(TOOLCHAIN_DIR)/usr/lib/swift/pm/ManifestAPI -sdk /Applications/Xcode.app/Contents/Developer/Platforms/MacOSX.platform/Developer/SDKs/MacOSX13.0.sdk -package-description-version 5.7.0";
				SWIFT_VERSION = 5.0;
			};
			name = Release;
		};
		OBJ_3 /* Debug */ = {
			isa = XCBuildConfiguration;
			buildSettings = {
				CLANG_ENABLE_OBJC_ARC = YES;
				COMBINE_HIDPI_IMAGES = YES;
				COPY_PHASE_STRIP = NO;
				DEBUG_INFORMATION_FORMAT = dwarf;
				DYLIB_INSTALL_NAME_BASE = "@rpath";
				ENABLE_NS_ASSERTIONS = YES;
				GCC_OPTIMIZATION_LEVEL = 0;
				GCC_PREPROCESSOR_DEFINITIONS = (
					"$(inherited)",
					"SWIFT_PACKAGE=1",
					"DEBUG=1",
				);
				IPHONEOS_DEPLOYMENT_TARGET = 16.1;
				MACOSX_DEPLOYMENT_TARGET = 10.15;
				ONLY_ACTIVE_ARCH = YES;
				OTHER_SWIFT_FLAGS = "$(inherited) -DXcode";
				PRODUCT_NAME = "$(TARGET_NAME)";
				SDKROOT = macosx;
				SUPPORTED_PLATFORMS = "$(AVAILABLE_PLATFORMS)";
				SUPPORTS_MACCATALYST = YES;
				SWIFT_ACTIVE_COMPILATION_CONDITIONS = "$(inherited) SWIFT_PACKAGE DEBUG";
				SWIFT_OPTIMIZATION_LEVEL = "-Onone";
				USE_HEADERMAP = NO;
			};
			name = Debug;
		};
		OBJ_34 /* Debug */ = {
			isa = XCBuildConfiguration;
			buildSettings = {
			};
			name = Debug;
		};
		OBJ_35 /* Release */ = {
			isa = XCBuildConfiguration;
			buildSettings = {
			};
			name = Release;
		};
		OBJ_39 /* Debug */ = {
			isa = XCBuildConfiguration;
			buildSettings = {
				CLANG_ENABLE_MODULES = YES;
				CURRENT_PROJECT_VERSION = 1;
				DRIVERKIT_DEPLOYMENT_TARGET = 19.0;
				EMBEDDED_CONTENT_CONTAINS_SWIFT = YES;
				FRAMEWORK_SEARCH_PATHS = (
					"$(inherited)",
					"$(PLATFORM_DIR)/Developer/Library/Frameworks",
				);
				HEADER_SEARCH_PATHS = "$(inherited)";
				INFOPLIST_FILE = CoppaPai.xcodeproj/CoppaPaiTests_Info.plist;
				IPHONEOS_DEPLOYMENT_TARGET = 14.0;
				LD_RUNPATH_SEARCH_PATHS = "$(inherited) @loader_path/../Frameworks @loader_path/Frameworks";
				MACOSX_DEPLOYMENT_TARGET = 11.0;
				OTHER_CFLAGS = "$(inherited)";
				OTHER_LDFLAGS = "$(inherited)";
				OTHER_SWIFT_FLAGS = "$(inherited)";
				SWIFT_ACTIVE_COMPILATION_CONDITIONS = "$(inherited)";
				SWIFT_VERSION = 5.0;
				TARGET_NAME = CoppaPaiTests;
				TVOS_DEPLOYMENT_TARGET = 14.0;
				WATCHOS_DEPLOYMENT_TARGET = 7.0;
			};
			name = Debug;
		};
		OBJ_4 /* Release */ = {
			isa = XCBuildConfiguration;
			buildSettings = {
				CLANG_ENABLE_OBJC_ARC = YES;
				COMBINE_HIDPI_IMAGES = YES;
				COPY_PHASE_STRIP = YES;
				DEBUG_INFORMATION_FORMAT = "dwarf-with-dsym";
				DYLIB_INSTALL_NAME_BASE = "@rpath";
				GCC_OPTIMIZATION_LEVEL = s;
				GCC_PREPROCESSOR_DEFINITIONS = (
					"$(inherited)",
					"SWIFT_PACKAGE=1",
				);
				IPHONEOS_DEPLOYMENT_TARGET = 16.1;
				MACOSX_DEPLOYMENT_TARGET = 10.15;
				OTHER_SWIFT_FLAGS = "$(inherited) -DXcode";
				PRODUCT_NAME = "$(TARGET_NAME)";
				SDKROOT = macosx;
				SUPPORTED_PLATFORMS = "$(AVAILABLE_PLATFORMS)";
				SUPPORTS_MACCATALYST = YES;
				SWIFT_ACTIVE_COMPILATION_CONDITIONS = "$(inherited) SWIFT_PACKAGE";
				SWIFT_OPTIMIZATION_LEVEL = "-Owholemodule";
				USE_HEADERMAP = NO;
			};
			name = Release;
		};
		OBJ_40 /* Release */ = {
			isa = XCBuildConfiguration;
			buildSettings = {
				CLANG_ENABLE_MODULES = YES;
				CURRENT_PROJECT_VERSION = 1;
				DRIVERKIT_DEPLOYMENT_TARGET = 19.0;
				EMBEDDED_CONTENT_CONTAINS_SWIFT = YES;
				FRAMEWORK_SEARCH_PATHS = (
					"$(inherited)",
					"$(PLATFORM_DIR)/Developer/Library/Frameworks",
				);
				HEADER_SEARCH_PATHS = "$(inherited)";
				INFOPLIST_FILE = CoppaPai.xcodeproj/CoppaPaiTests_Info.plist;
				IPHONEOS_DEPLOYMENT_TARGET = 14.0;
				LD_RUNPATH_SEARCH_PATHS = "$(inherited) @loader_path/../Frameworks @loader_path/Frameworks";
				MACOSX_DEPLOYMENT_TARGET = 11.0;
				OTHER_CFLAGS = "$(inherited)";
				OTHER_LDFLAGS = "$(inherited)";
				OTHER_SWIFT_FLAGS = "$(inherited)";
				SWIFT_ACTIVE_COMPILATION_CONDITIONS = "$(inherited)";
				SWIFT_VERSION = 5.0;
				TARGET_NAME = CoppaPaiTests;
				TVOS_DEPLOYMENT_TARGET = 14.0;
				WATCHOS_DEPLOYMENT_TARGET = 7.0;
			};
			name = Release;
		};
/* End XCBuildConfiguration section */

/* Begin XCConfigurationList section */
		OBJ_2 /* Build configuration list for PBXProject "CoppaPai" */ = {
			isa = XCConfigurationList;
			buildConfigurations = (
				OBJ_3 /* Debug */,
				OBJ_4 /* Release */,
			);
			defaultConfigurationIsVisible = 0;
			defaultConfigurationName = Release;
		};
		OBJ_20 /* Build configuration list for PBXNativeTarget "CoppaPai" */ = {
			isa = XCConfigurationList;
			buildConfigurations = (
				OBJ_21 /* Debug */,
				OBJ_22 /* Release */,
			);
			defaultConfigurationIsVisible = 0;
			defaultConfigurationName = Release;
		};
		OBJ_27 /* Build configuration list for PBXNativeTarget "CoppaPaiPackageDescription" */ = {
			isa = XCConfigurationList;
			buildConfigurations = (
				OBJ_28 /* Debug */,
				OBJ_29 /* Release */,
			);
			defaultConfigurationIsVisible = 0;
			defaultConfigurationName = Release;
		};
		OBJ_33 /* Build configuration list for PBXAggregateTarget "CoppaPaiPackageTests" */ = {
			isa = XCConfigurationList;
			buildConfigurations = (
				OBJ_34 /* Debug */,
				OBJ_35 /* Release */,
			);
			defaultConfigurationIsVisible = 0;
			defaultConfigurationName = Release;
		};
		OBJ_38 /* Build configuration list for PBXNativeTarget "CoppaPaiTests" */ = {
			isa = XCConfigurationList;
			buildConfigurations = (
				OBJ_39 /* Debug */,
				OBJ_40 /* Release */,
			);
			defaultConfigurationIsVisible = 0;
			defaultConfigurationName = Release;
		};
/* End XCConfigurationList section */
	};
	rootObject = OBJ_1 /* Project object */;
}
